
Microsoft Visual Studio Solution File, Format Version 12.00
# Visual Studio Version 17
VisualStudioVersion = 17.0.32002.185
MinimumVisualStudioVersion = 10.0.40219.1
Project("{FAE04EC0-301F-11D3-BF4B-00C04F79EFBC}") = "WMS.CardView", "WMS.CardView\WMS.CardView.csproj", "{498051B6-2270-4C2E-8BB7-F3340FBBD3A6}"
EndProject
Global
	GlobalSection(SolutionConfigurationPlatforms) = preSolution
		Debug|Any CPU = Debug|Any CPU
		Release|Any CPU = Release|Any CPU
	EndGlobalSection
	GlobalSection(ProjectConfigurationPlatforms) = postSolution
		{498051B6-2270-4C2E-8BB7-F3340FBBD3A6}.Debug|Any CPU.ActiveCfg = Debug|Any CPU
		{498051B6-2270-4C2E-8BB7-F3340FBBD3A6}.Debug|Any CPU.Build.0 = Debug|Any CPU
		{498051B6-2270-4C2E-8BB7-F3340FBBD3A6}.Release|Any CPU.ActiveCfg = Release|Any CPU
		{498051B6-2270-4C2E-8BB7-F3340FBBD3A6}.Release|Any CPU.Build.0 = Release|Any CPU
	EndGlobalSection
	GlobalSection(SolutionProperties) = preSolution
		HideSolutionNode = FALSE
	EndGlobalSection
	GlobalSection(ExtensibilityGlobals) = postSolution
		SolutionGuid = {DA0C3D71-A043-4D7C-BB65-3F0C53F7C253}
	EndGlobalSection
EndGlobal
